// !$*UTF8*$!
{
	archiveVersion = 1;
	classes = {
	};
	objectVersion = 48;
	objects = {

/* Begin PBXBuildFile section */
		2C58C0302056EE3500DF3B9D /* AppDelegate.swift in Sources */ = {isa = PBXBuildFile; fileRef = 2C58C02F2056EE3500DF3B9D /* AppDelegate.swift */; };
		2C58C0322056EE3500DF3B9D /* ViewController.swift in Sources */ = {isa = PBXBuildFile; fileRef = 2C58C0312056EE3500DF3B9D /* ViewController.swift */; };
		2C58C0352056EE3500DF3B9D /* Main.storyboard in Resources */ = {isa = PBXBuildFile; fileRef = 2C58C0332056EE3500DF3B9D /* Main.storyboard */; };
		2C58C0372056EE3500DF3B9D /* Assets.xcassets in Resources */ = {isa = PBXBuildFile; fileRef = 2C58C0362056EE3500DF3B9D /* Assets.xcassets */; };
		2C58C03A2056EE3500DF3B9D /* LaunchScreen.storyboard in Resources */ = {isa = PBXBuildFile; fileRef = 2C58C0382056EE3500DF3B9D /* LaunchScreen.storyboard */; };
		2C58C0452056EE3500DF3B9D /* NetworkHealthTests.swift in Sources */ = {isa = PBXBuildFile; fileRef = 2C58C0442056EE3500DF3B9D /* NetworkHealthTests.swift */; };
		2C58C0502056EE3500DF3B9D /* NetworkHealthUITests.swift in Sources */ = {isa = PBXBuildFile; fileRef = 2C58C04F2056EE3500DF3B9D /* NetworkHealthUITests.swift */; };
/* End PBXBuildFile section */

/* Begin PBXContainerItemProxy section */
		2C58C0412056EE3500DF3B9D /* PBXContainerItemProxy */ = {
			isa = PBXContainerItemProxy;
			containerPortal = 2C58C0242056EE3500DF3B9D /* Project object */;
			proxyType = 1;
			remoteGlobalIDString = 2C58C02B2056EE3500DF3B9D;
			remoteInfo = NetworkHealth;
		};
		2C58C04C2056EE3500DF3B9D /* PBXContainerItemProxy */ = {
			isa = PBXContainerItemProxy;
			containerPortal = 2C58C0242056EE3500DF3B9D /* Project object */;
			proxyType = 1;
			remoteGlobalIDString = 2C58C02B2056EE3500DF3B9D;
			remoteInfo = NetworkHealth;
		};
/* End PBXContainerItemProxy section */

/* Begin PBXFileReference section */
		2C58C02C2056EE3500DF3B9D /* NetworkHealth.app */ = {isa = PBXFileReference; explicitFileType = wrapper.application; includeInIndex = 0; path = NetworkHealth.app; sourceTree = BUILT_PRODUCTS_DIR; };
		2C58C02F2056EE3500DF3B9D /* AppDelegate.swift */ = {isa = PBXFileReference; lastKnownFileType = sourcecode.swift; path = AppDelegate.swift; sourceTree = "<group>"; };
		2C58C0312056EE3500DF3B9D /* ViewController.swift */ = {isa = PBXFileReference; lastKnownFileType = sourcecode.swift; path = ViewController.swift; sourceTree = "<group>"; };
		2C58C0342056EE3500DF3B9D /* Base */ = {isa = PBXFileReference; lastKnownFileType = file.storyboard; name = Base; path = Base.lproj/Main.storyboard; sourceTree = "<group>"; };
		2C58C0362056EE3500DF3B9D /* Assets.xcassets */ = {isa = PBXFileReference; lastKnownFileType = folder.assetcatalog; path = Assets.xcassets; sourceTree = "<group>"; };
		2C58C0392056EE3500DF3B9D /* Base */ = {isa = PBXFileReference; lastKnownFileType = file.storyboard; name = Base; path = Base.lproj/LaunchScreen.storyboard; sourceTree = "<group>"; };
		2C58C03B2056EE3500DF3B9D /* Info.plist */ = {isa = PBXFileReference; lastKnownFileType = text.plist.xml; path = Info.plist; sourceTree = "<group>"; };
		2C58C0402056EE3500DF3B9D /* NetworkHealthTests.xctest */ = {isa = PBXFileReference; explicitFileType = wrapper.cfbundle; includeInIndex = 0; path = NetworkHealthTests.xctest; sourceTree = BUILT_PRODUCTS_DIR; };
		2C58C0442056EE3500DF3B9D /* NetworkHealthTests.swift */ = {isa = PBXFileReference; lastKnownFileType = sourcecode.swift; path = NetworkHealthTests.swift; sourceTree = "<group>"; };
		2C58C0462056EE3500DF3B9D /* Info.plist */ = {isa = PBXFileReference; lastKnownFileType = text.plist.xml; path = Info.plist; sourceTree = "<group>"; };
		2C58C04B2056EE3500DF3B9D /* NetworkHealthUITests.xctest */ = {isa = PBXFileReference; explicitFileType = wrapper.cfbundle; includeInIndex = 0; path = NetworkHealthUITests.xctest; sourceTree = BUILT_PRODUCTS_DIR; };
		2C58C04F2056EE3500DF3B9D /* NetworkHealthUITests.swift */ = {isa = PBXFileReference; lastKnownFileType = sourcecode.swift; path = NetworkHealthUITests.swift; sourceTree = "<group>"; };
		2C58C0512056EE3500DF3B9D /* Info.plist */ = {isa = PBXFileReference; lastKnownFileType = text.plist.xml; path = Info.plist; sourceTree = "<group>"; };
/* End PBXFileReference section */

/* Begin PBXFrameworksBuildPhase section */
		2C58C0292056EE3500DF3B9D /* Frameworks */ = {
			isa = PBXFrameworksBuildPhase;
			buildActionMask = 2147483647;
			files = (
			);
			runOnlyForDeploymentPostprocessing = 0;
		};
		2C58C03D2056EE3500DF3B9D /* Frameworks */ = {
			isa = PBXFrameworksBuildPhase;
			buildActionMask = 2147483647;
			files = (
			);
			runOnlyForDeploymentPostprocessing = 0;
		};
		2C58C0482056EE3500DF3B9D /* Frameworks */ = {
			isa = PBXFrameworksBuildPhase;
			buildActionMask = 2147483647;
			files = (
			);
			runOnlyForDeploymentPostprocessing = 0;
		};
/* End PBXFrameworksBuildPhase section */

/* Begin PBXGroup section */
		2C58C0232056EE3500DF3B9D = {
			isa = PBXGroup;
			children = (
				2C58C02E2056EE3500DF3B9D /* NetworkHealth */,
				2C58C0432056EE3500DF3B9D /* NetworkHealthTests */,
				2C58C04E2056EE3500DF3B9D /* NetworkHealthUITests */,
				2C58C02D2056EE3500DF3B9D /* Products */,
			);
			sourceTree = "<group>";
		};
		2C58C02D2056EE3500DF3B9D /* Products */ = {
			isa = PBXGroup;
			children = (
				2C58C02C2056EE3500DF3B9D /* NetworkHealth.app */,
				2C58C0402056EE3500DF3B9D /* NetworkHealthTests.xctest */,
				2C58C04B2056EE3500DF3B9D /* NetworkHealthUITests.xctest */,
			);
			name = Products;
			sourceTree = "<group>";
		};
		2C58C02E2056EE3500DF3B9D /* NetworkHealth */ = {
			isa = PBXGroup;
			children = (
				2C58C02F2056EE3500DF3B9D /* AppDelegate.swift */,
				2C58C0312056EE3500DF3B9D /* ViewController.swift */,
				2C58C0332056EE3500DF3B9D /* Main.storyboard */,
				2C58C0362056EE3500DF3B9D /* Assets.xcassets */,
				2C58C0382056EE3500DF3B9D /* LaunchScreen.storyboard */,
				2C58C03B2056EE3500DF3B9D /* Info.plist */,
			);
			path = NetworkHealth;
			sourceTree = "<group>";
		};
		2C58C0432056EE3500DF3B9D /* NetworkHealthTests */ = {
			isa = PBXGroup;
			children = (
				2C58C0442056EE3500DF3B9D /* NetworkHealthTests.swift */,
				2C58C0462056EE3500DF3B9D /* Info.plist */,
			);
			path = NetworkHealthTests;
			sourceTree = "<group>";
		};
		2C58C04E2056EE3500DF3B9D /* NetworkHealthUITests */ = {
			isa = PBXGroup;
			children = (
				2C58C04F2056EE3500DF3B9D /* NetworkHealthUITests.swift */,
				2C58C0512056EE3500DF3B9D /* Info.plist */,
			);
			path = NetworkHealthUITests;
			sourceTree = "<group>";
		};
/* End PBXGroup section */

/* Begin PBXNativeTarget section */
		2C58C02B2056EE3500DF3B9D /* NetworkHealth */ = {
			isa = PBXNativeTarget;
			buildConfigurationList = 2C58C0542056EE3500DF3B9D /* Build configuration list for PBXNativeTarget "NetworkHealth" */;
			buildPhases = (
				2C58C0282056EE3500DF3B9D /* Sources */,
				2C58C0292056EE3500DF3B9D /* Frameworks */,
				2C58C02A2056EE3500DF3B9D /* Resources */,
			);
			buildRules = (
			);
			dependencies = (
			);
			name = NetworkHealth;
			productName = NetworkHealth;
			productReference = 2C58C02C2056EE3500DF3B9D /* NetworkHealth.app */;
			productType = "com.apple.product-type.application";
		};
		2C58C03F2056EE3500DF3B9D /* NetworkHealthTests */ = {
			isa = PBXNativeTarget;
			buildConfigurationList = 2C58C0572056EE3500DF3B9D /* Build configuration list for PBXNativeTarget "NetworkHealthTests" */;
			buildPhases = (
				2C58C03C2056EE3500DF3B9D /* Sources */,
				2C58C03D2056EE3500DF3B9D /* Frameworks */,
				2C58C03E2056EE3500DF3B9D /* Resources */,
			);
			buildRules = (
			);
			dependencies = (
				2C58C0422056EE3500DF3B9D /* PBXTargetDependency */,
			);
			name = NetworkHealthTests;
			productName = NetworkHealthTests;
			productReference = 2C58C0402056EE3500DF3B9D /* NetworkHealthTests.xctest */;
			productType = "com.apple.product-type.bundle.unit-test";
		};
		2C58C04A2056EE3500DF3B9D /* NetworkHealthUITests */ = {
			isa = PBXNativeTarget;
			buildConfigurationList = 2C58C05A2056EE3500DF3B9D /* Build configuration list for PBXNativeTarget "NetworkHealthUITests" */;
			buildPhases = (
				2C58C0472056EE3500DF3B9D /* Sources */,
				2C58C0482056EE3500DF3B9D /* Frameworks */,
				2C58C0492056EE3500DF3B9D /* Resources */,
			);
			buildRules = (
			);
			dependencies = (
				2C58C04D2056EE3500DF3B9D /* PBXTargetDependency */,
			);
			name = NetworkHealthUITests;
			productName = NetworkHealthUITests;
			productReference = 2C58C04B2056EE3500DF3B9D /* NetworkHealthUITests.xctest */;
			productType = "com.apple.product-type.bundle.ui-testing";
		};
/* End PBXNativeTarget section */

/* Begin PBXProject section */
		2C58C0242056EE3500DF3B9D /* Project object */ = {
			isa = PBXProject;
			attributes = {
				LastSwiftUpdateCheck = 0920;
				LastUpgradeCheck = 0920;
				ORGANIZATIONNAME = Wodo;
				TargetAttributes = {
					2C58C02B2056EE3500DF3B9D = {
						CreatedOnToolsVersion = 9.2;
						ProvisioningStyle = Automatic;
					};
					2C58C03F2056EE3500DF3B9D = {
						CreatedOnToolsVersion = 9.2;
						ProvisioningStyle = Automatic;
						TestTargetID = 2C58C02B2056EE3500DF3B9D;
					};
					2C58C04A2056EE3500DF3B9D = {
						CreatedOnToolsVersion = 9.2;
						ProvisioningStyle = Automatic;
						TestTargetID = 2C58C02B2056EE3500DF3B9D;
					};
				};
			};
			buildConfigurationList = 2C58C0272056EE3500DF3B9D /* Build configuration list for PBXProject "NetworkHealth" */;
			compatibilityVersion = "Xcode 8.0";
			developmentRegion = en;
			hasScannedForEncodings = 0;
			knownRegions = (
				en,
				Base,
			);
			mainGroup = 2C58C0232056EE3500DF3B9D;
			productRefGroup = 2C58C02D2056EE3500DF3B9D /* Products */;
			projectDirPath = "";
			projectRoot = "";
			targets = (
				2C58C02B2056EE3500DF3B9D /* NetworkHealth */,
				2C58C03F2056EE3500DF3B9D /* NetworkHealthTests */,
				2C58C04A2056EE3500DF3B9D /* NetworkHealthUITests */,
			);
		};
/* End PBXProject section */

/* Begin PBXResourcesBuildPhase section */
		2C58C02A2056EE3500DF3B9D /* Resources */ = {
			isa = PBXResourcesBuildPhase;
			buildActionMask = 2147483647;
			files = (
				2C58C03A2056EE3500DF3B9D /* LaunchScreen.storyboard in Resources */,
				2C58C0372056EE3500DF3B9D /* Assets.xcassets in Resources */,
				2C58C0352056EE3500DF3B9D /* Main.storyboard in Resources */,
			);
			runOnlyForDeploymentPostprocessing = 0;
		};
		2C58C03E2056EE3500DF3B9D /* Resources */ = {
			isa = PBXResourcesBuildPhase;
			buildActionMask = 2147483647;
			files = (
			);
			runOnlyForDeploymentPostprocessing = 0;
		};
		2C58C0492056EE3500DF3B9D /* Resources */ = {
			isa = PBXResourcesBuildPhase;
			buildActionMask = 2147483647;
			files = (
			);
			runOnlyForDeploymentPostprocessing = 0;
		};
/* End PBXResourcesBuildPhase section */

/* Begin PBXSourcesBuildPhase section */
		2C58C0282056EE3500DF3B9D /* Sources */ = {
			isa = PBXSourcesBuildPhase;
			buildActionMask = 2147483647;
			files = (
				2C58C0322056EE3500DF3B9D /* ViewController.swift in Sources */,
				2C58C0302056EE3500DF3B9D /* AppDelegate.swift in Sources */,
			);
			runOnlyForDeploymentPostprocessing = 0;
		};
		2C58C03C2056EE3500DF3B9D /* Sources */ = {
			isa = PBXSourcesBuildPhase;
			buildActionMask = 2147483647;
			files = (
				2C58C0452056EE3500DF3B9D /* NetworkHealthTests.swift in Sources */,
			);
			runOnlyForDeploymentPostprocessing = 0;
		};
		2C58C0472056EE3500DF3B9D /* Sources */ = {
			isa = PBXSourcesBuildPhase;
			buildActionMask = 2147483647;
			files = (
				2C58C0502056EE3500DF3B9D /* NetworkHealthUITests.swift in Sources */,
			);
			runOnlyForDeploymentPostprocessing = 0;
		};
/* End PBXSourcesBuildPhase section */

/* Begin PBXTargetDependency section */
		2C58C0422056EE3500DF3B9D /* PBXTargetDependency */ = {
			isa = PBXTargetDependency;
			target = 2C58C02B2056EE3500DF3B9D /* NetworkHealth */;
			targetProxy = 2C58C0412056EE3500DF3B9D /* PBXContainerItemProxy */;
		};
		2C58C04D2056EE3500DF3B9D /* PBXTargetDependency */ = {
			isa = PBXTargetDependency;
			target = 2C58C02B2056EE3500DF3B9D /* NetworkHealth */;
			targetProxy = 2C58C04C2056EE3500DF3B9D /* PBXContainerItemProxy */;
		};
/* End PBXTargetDependency section */

/* Begin PBXVariantGroup section */
		2C58C0332056EE3500DF3B9D /* Main.storyboard */ = {
			isa = PBXVariantGroup;
			children = (
				2C58C0342056EE3500DF3B9D /* Base */,
			);
			name = Main.storyboard;
			sourceTree = "<group>";
		};
		2C58C0382056EE3500DF3B9D /* LaunchScreen.storyboard */ = {
			isa = PBXVariantGroup;
			children = (
				2C58C0392056EE3500DF3B9D /* Base */,
			);
			name = LaunchScreen.storyboard;
			sourceTree = "<group>";
		};
/* End PBXVariantGroup section */

/* Begin XCBuildConfiguration section */
		2C58C0522056EE3500DF3B9D /* Debug */ = {
			isa = XCBuildConfiguration;
			buildSettings = {
				ALWAYS_SEARCH_USER_PATHS = NO;
				CLANG_ANALYZER_NONNULL = YES;
				CLANG_ANALYZER_NUMBER_OBJECT_CONVERSION = YES_AGGRESSIVE;
				CLANG_CXX_LANGUAGE_STANDARD = "gnu++14";
				CLANG_CXX_LIBRARY = "libc++";
				CLANG_ENABLE_MODULES = YES;
				CLANG_ENABLE_OBJC_ARC = YES;
				CLANG_WARN_BLOCK_CAPTURE_AUTORELEASING = YES;
				CLANG_WARN_BOOL_CONVERSION = YES;
				CLANG_WARN_COMMA = YES;
				CLANG_WARN_CONSTANT_CONVERSION = YES;
				CLANG_WARN_DIRECT_OBJC_ISA_USAGE = YES_ERROR;
				CLANG_WARN_DOCUMENTATION_COMMENTS = YES;
				CLANG_WARN_EMPTY_BODY = YES;
				CLANG_WARN_ENUM_CONVERSION = YES;
				CLANG_WARN_INFINITE_RECURSION = YES;
				CLANG_WARN_INT_CONVERSION = YES;
				CLANG_WARN_NON_LITERAL_NULL_CONVERSION = YES;
				CLANG_WARN_OBJC_LITERAL_CONVERSION = YES;
				CLANG_WARN_OBJC_ROOT_CLASS = YES_ERROR;
				CLANG_WARN_RANGE_LOOP_ANALYSIS = YES;
				CLANG_WARN_STRICT_PROTOTYPES = YES;
				CLANG_WARN_SUSPICIOUS_MOVE = YES;
				CLANG_WARN_UNGUARDED_AVAILABILITY = YES_AGGRESSIVE;
				CLANG_WARN_UNREACHABLE_CODE = YES;
				CLANG_WARN__DUPLICATE_METHOD_MATCH = YES;
				CODE_SIGN_IDENTITY = "iPhone Developer";
				COPY_PHASE_STRIP = NO;
				DEBUG_INFORMATION_FORMAT = dwarf;
				ENABLE_STRICT_OBJC_MSGSEND = YES;
				ENABLE_TESTABILITY = YES;
				GCC_C_LANGUAGE_STANDARD = gnu11;
				GCC_DYNAMIC_NO_PIC = NO;
				GCC_NO_COMMON_BLOCKS = YES;
				GCC_OPTIMIZATION_LEVEL = 0;
				GCC_PREPROCESSOR_DEFINITIONS = (
					"DEBUG=1",
					"$(inherited)",
				);
				GCC_WARN_64_TO_32_BIT_CONVERSION = YES;
				GCC_WARN_ABOUT_RETURN_TYPE = YES_ERROR;
				GCC_WARN_UNDECLARED_SELECTOR = YES;
				GCC_WARN_UNINITIALIZED_AUTOS = YES_AGGRESSIVE;
				GCC_WARN_UNUSED_FUNCTION = YES;
				GCC_WARN_UNUSED_VARIABLE = YES;
				IPHONEOS_DEPLOYMENT_TARGET = 11.2;
				MTL_ENABLE_DEBUG_INFO = YES;
				ONLY_ACTIVE_ARCH = YES;
				SDKROOT = iphoneos;
				SWIFT_ACTIVE_COMPILATION_CONDITIONS = DEBUG;
				SWIFT_OPTIMIZATION_LEVEL = "-Onone";
			};
			name = Debug;
		};
		2C58C0532056EE3500DF3B9D /* Release */ = {
			isa = XCBuildConfiguration;
			buildSettings = {
				ALWAYS_SEARCH_USER_PATHS = NO;
				CLANG_ANALYZER_NONNULL = YES;
				CLANG_ANALYZER_NUMBER_OBJECT_CONVERSION = YES_AGGRESSIVE;
				CLANG_CXX_LANGUAGE_STANDARD = "gnu++14";
				CLANG_CXX_LIBRARY = "libc++";
				CLANG_ENABLE_MODULES = YES;
				CLANG_ENABLE_OBJC_ARC = YES;
				CLANG_WARN_BLOCK_CAPTURE_AUTORELEASING = YES;
				CLANG_WARN_BOOL_CONVERSION = YES;
				CLANG_WARN_COMMA = YES;
				CLANG_WARN_CONSTANT_CONVERSION = YES;
				CLANG_WARN_DIRECT_OBJC_ISA_USAGE = YES_ERROR;
				CLANG_WARN_DOCUMENTATION_COMMENTS = YES;
				CLANG_WARN_EMPTY_BODY = YES;
				CLANG_WARN_ENUM_CONVERSION = YES;
				CLANG_WARN_INFINITE_RECURSION = YES;
				CLANG_WARN_INT_CONVERSION = YES;
				CLANG_WARN_NON_LITERAL_NULL_CONVERSION = YES;
				CLANG_WARN_OBJC_LITERAL_CONVERSION = YES;
				CLANG_WARN_OBJC_ROOT_CLASS = YES_ERROR;
				CLANG_WARN_RANGE_LOOP_ANALYSIS = YES;
				CLANG_WARN_STRICT_PROTOTYPES = YES;
				CLANG_WARN_SUSPICIOUS_MOVE = YES;
				CLANG_WARN_UNGUARDED_AVAILABILITY = YES_AGGRESSIVE;
				CLANG_WARN_UNREACHABLE_CODE = YES;
				CLANG_WARN__DUPLICATE_METHOD_MATCH = YES;
				CODE_SIGN_IDENTITY = "iPhone Developer";
				COPY_PHASE_STRIP = NO;
				DEBUG_INFORMATION_FORMAT = "dwarf-with-dsym";
				ENABLE_NS_ASSERTIONS = NO;
				ENABLE_STRICT_OBJC_MSGSEND = YES;
				GCC_C_LANGUAGE_STANDARD = gnu11;
				GCC_NO_COMMON_BLOCKS = YES;
				GCC_WARN_64_TO_32_BIT_CONVERSION = YES;
				GCC_WARN_ABOUT_RETURN_TYPE = YES_ERROR;
				GCC_WARN_UNDECLARED_SELECTOR = YES;
				GCC_WARN_UNINITIALIZED_AUTOS = YES_AGGRESSIVE;
				GCC_WARN_UNUSED_FUNCTION = YES;
				GCC_WARN_UNUSED_VARIABLE = YES;
				IPHONEOS_DEPLOYMENT_TARGET = 11.2;
				MTL_ENABLE_DEBUG_INFO = NO;
				SDKROOT = iphoneos;
				SWIFT_OPTIMIZATION_LEVEL = "-Owholemodule";
				VALIDATE_PRODUCT = YES;
			};
			name = Release;
		};
		2C58C0552056EE3500DF3B9D /* Debug */ = {
			isa = XCBuildConfiguration;
			buildSettings = {
				ASSETCATALOG_COMPILER_APPICON_NAME = AppIcon;
				CODE_SIGN_STYLE = Automatic;
				DEVELOPMENT_TEAM = JNHBJ3JE68;
				INFOPLIST_FILE = NetworkHealth/Info.plist;
				LD_RUNPATH_SEARCH_PATHS = "$(inherited) @executable_path/Frameworks";
				PRODUCT_BUNDLE_IDENTIFIER = co.za.wodo.NetworkHealth;
				PRODUCT_NAME = "$(TARGET_NAME)";
				SWIFT_VERSION = 4.0;
				TARGETED_DEVICE_FAMILY = "1,2";
			};
			name = Debug;
		};
		2C58C0562056EE3500DF3B9D /* Release */ = {
			isa = XCBuildConfiguration;
			buildSettings = {
				ASSETCATALOG_COMPILER_APPICON_NAME = AppIcon;
				CODE_SIGN_STYLE = Automatic;
				DEVELOPMENT_TEAM = JNHBJ3JE68;
				INFOPLIST_FILE = NetworkHealth/Info.plist;
				LD_RUNPATH_SEARCH_PATHS = "$(inherited) @executable_path/Frameworks";
				PRODUCT_BUNDLE_IDENTIFIER = co.za.wodo.NetworkHealth;
				PRODUCT_NAME = "$(TARGET_NAME)";
				SWIFT_VERSION = 4.0;
				TARGETED_DEVICE_FAMILY = "1,2";
			};
			name = Release;
		};
		2C58C0582056EE3500DF3B9D /* Debug */ = {
			isa = XCBuildConfiguration;
			buildSettings = {
				ALWAYS_EMBED_SWIFT_STANDARD_LIBRARIES = YES;
				BUNDLE_LOADER = "$(TEST_HOST)";
				CODE_SIGN_STYLE = Automatic;
				DEVELOPMENT_TEAM = JNHBJ3JE68;
				INFOPLIST_FILE = NetworkHealthTests/Info.plist;
				LD_RUNPATH_SEARCH_PATHS = "$(inherited) @executable_path/Frameworks @loader_path/Frameworks";
				PRODUCT_BUNDLE_IDENTIFIER = co.za.wodo.NetworkHealthTests;
				PRODUCT_NAME = "$(TARGET_NAME)";
				SWIFT_VERSION = 4.0;
				TARGETED_DEVICE_FAMILY = "1,2";
				TEST_HOST = "$(BUILT_PRODUCTS_DIR)/NetworkHealth.app/NetworkHealth";
			};
			name = Debug;
		};
		2C58C0592056EE3500DF3B9D /* Release */ = {
			isa = XCBuildConfiguration;
			buildSettings = {
				ALWAYS_EMBED_SWIFT_STANDARD_LIBRARIES = YES;
				BUNDLE_LOADER = "$(TEST_HOST)";
				CODE_SIGN_STYLE = Automatic;
				DEVELOPMENT_TEAM = JNHBJ3JE68;
				INFOPLIST_FILE = NetworkHealthTests/Info.plist;
				LD_RUNPATH_SEARCH_PATHS = "$(inherited) @executable_path/Frameworks @loader_path/Frameworks";
				PRODUCT_BUNDLE_IDENTIFIER = co.za.wodo.NetworkHealthTests;
				PRODUCT_NAME = "$(TARGET_NAME)";
				SWIFT_VERSION = 4.0;
				TARGETED_DEVICE_FAMILY = "1,2";
				TEST_HOST = "$(BUILT_PRODUCTS_DIR)/NetworkHealth.app/NetworkHealth";
			};
			name = Release;
		};
		2C58C05B2056EE3500DF3B9D /* Debug */ = {
			isa = XCBuildConfiguration;
			buildSettings = {
				ALWAYS_EMBED_SWIFT_STANDARD_LIBRARIES = YES;
				CODE_SIGN_STYLE = Automatic;
				DEVELOPMENT_TEAM = JNHBJ3JE68;
				INFOPLIST_FILE = NetworkHealthUITests/Info.plist;
				LD_RUNPATH_SEARCH_PATHS = "$(inherited) @executable_path/Frameworks @loader_path/Frameworks";
				PRODUCT_BUNDLE_IDENTIFIER = co.za.wodo.NetworkHealthUITests;
				PRODUCT_NAME = "$(TARGET_NAME)";
				SWIFT_VERSION = 4.0;
				TARGETED_DEVICE_FAMILY = "1,2";
				TEST_TARGET_NAME = NetworkHealth;
			};
			name = Debug;
		};
		2C58C05C2056EE3500DF3B9D /* Release */ = {
			isa = XCBuildConfiguration;
			buildSettings = {
				ALWAYS_EMBED_SWIFT_STANDARD_LIBRARIES = YES;
				CODE_SIGN_STYLE = Automatic;
				DEVELOPMENT_TEAM = JNHBJ3JE68;
				INFOPLIST_FILE = NetworkHealthUITests/Info.plist;
				LD_RUNPATH_SEARCH_PATHS = "$(inherited) @executable_path/Frameworks @loader_path/Frameworks";
				PRODUCT_BUNDLE_IDENTIFIER = co.za.wodo.NetworkHealthUITests;
				PRODUCT_NAME = "$(TARGET_NAME)";
				SWIFT_VERSION = 4.0;
				TARGETED_DEVICE_FAMILY = "1,2";
				TEST_TARGET_NAME = NetworkHealth;
			};
			name = Release;
		};
/* End XCBuildConfiguration section */

/* Begin XCConfigurationList section */
		2C58C0272056EE3500DF3B9D /* Build configuration list for PBXProject "NetworkHealth" */ = {
			isa = XCConfigurationList;
			buildConfigurations = (
				2C58C0522056EE3500DF3B9D /* Debug */,
				2C58C0532056EE3500DF3B9D /* Release */,
			);
			defaultConfigurationIsVisible = 0;
			defaultConfigurationName = Release;
		};
		2C58C0542056EE3500DF3B9D /* Build configuration list for PBXNativeTarget "NetworkHealth" */ = {
			isa = XCConfigurationList;
			buildConfigurations = (
				2C58C0552056EE3500DF3B9D /* Debug */,
				2C58C0562056EE3500DF3B9D /* Release */,
			);
			defaultConfigurationIsVisible = 0;
			defaultConfigurationName = Release;
		};
		2C58C0572056EE3500DF3B9D /* Build configuration list for PBXNativeTarget "NetworkHealthTests" */ = {
			isa = XCConfigurationList;
			buildConfigurations = (
				2C58C0582056EE3500DF3B9D /* Debug */,
				2C58C0592056EE3500DF3B9D /* Release */,
			);
			defaultConfigurationIsVisible = 0;
			defaultConfigurationName = Release;
		};
		2C58C05A2056EE3500DF3B9D /* Build configuration list for PBXNativeTarget "NetworkHealthUITests" */ = {
			isa = XCConfigurationList;
			buildConfigurations = (
				2C58C05B2056EE3500DF3B9D /* Debug */,
				2C58C05C2056EE3500DF3B9D /* Release */,
			);
			defaultConfigurationIsVisible = 0;
			defaultConfigurationName = Release;
		};
/* End XCConfigurationList section */
	};
	rootObject = 2C58C0242056EE3500DF3B9D /* Project object */;
}
